
Microsoft Visual Studio Solution File, Format Version 12.00
# Visual Studio Version 17
VisualStudioVersion = 17.10.35027.167
MinimumVisualStudioVersion = 10.0.40219.1
Project("{9A19103F-16F7-4668-BE54-9A1E7A4F7556}") = "BlueBlazor.Docs", "BlueBlazor.Docs\BlueBlazor.Docs.csproj", "{0D314BF4-DACC-4BF3-BA8B-8754152EBCCA}"
	ProjectSection(ProjectDependencies) = postProject
		{20B86100-70CC-41CD-A194-CC1A1AFA1FA8} = {20B86100-70CC-41CD-A194-CC1A1AFA1FA8}
	EndProjectSection
EndProject
Project("{9A19103F-16F7-4668-BE54-9A1E7A4F7556}") = "DocGen", "DocGen\DocGen.csproj", "{20B86100-70CC-41CD-A194-CC1A1AFA1FA8}"
EndProject
Project("{9A19103F-16F7-4668-BE54-9A1E7A4F7556}") = "BlueBlazor", "BlueBlazor\BlueBlazor.csproj", "{890CE62A-CF5C-4D95-ACC4-D910AA275E00}"
EndProject
Project("{9A19103F-16F7-4668-BE54-9A1E7A4F7556}") = "BlazorApp1", "..\..\projects-temp\BlazorApp1\BlazorApp1\BlazorApp1.csproj", "{D7BF97EF-27AE-4ECA-9F5E-E05125B1FAB7}"
EndProject
Project("{9A19103F-16F7-4668-BE54-9A1E7A4F7556}") = "BlazorApp1.Client", "..\..\projects-temp\BlazorApp1\BlazorApp1.Client\BlazorApp1.Client.csproj", "{01E9CB21-AE8C-44E3-B69B-420597C654DC}"
EndProject
Global
	GlobalSection(SolutionConfigurationPlatforms) = preSolution
		Debug|Any CPU = Debug|Any CPU
		Release|Any CPU = Release|Any CPU
	EndGlobalSection
	GlobalSection(ProjectConfigurationPlatforms) = postSolution
		{0D314BF4-DACC-4BF3-BA8B-8754152EBCCA}.Debug|Any CPU.ActiveCfg = Debug|Any CPU
		{0D314BF4-DACC-4BF3-BA8B-8754152EBCCA}.Debug|Any CPU.Build.0 = Debug|Any CPU
		{0D314BF4-DACC-4BF3-BA8B-8754152EBCCA}.Release|Any CPU.ActiveCfg = Release|Any CPU
		{0D314BF4-DACC-4BF3-BA8B-8754152EBCCA}.Release|Any CPU.Build.0 = Release|Any CPU
		{20B86100-70CC-41CD-A194-CC1A1AFA1FA8}.Debug|Any CPU.ActiveCfg = Debug|Any CPU
		{20B86100-70CC-41CD-A194-CC1A1AFA1FA8}.Debug|Any CPU.Build.0 = Debug|Any CPU
		{20B86100-70CC-41CD-A194-CC1A1AFA1FA8}.Release|Any CPU.ActiveCfg = Release|Any CPU
		{20B86100-70CC-41CD-A194-CC1A1AFA1FA8}.Release|Any CPU.Build.0 = Release|Any CPU
		{890CE62A-CF5C-4D95-ACC4-D910AA275E00}.Debug|Any CPU.ActiveCfg = Debug|Any CPU
		{890CE62A-CF5C-4D95-ACC4-D910AA275E00}.Debug|Any CPU.Build.0 = Debug|Any CPU
		{890CE62A-CF5C-4D95-ACC4-D910AA275E00}.Release|Any CPU.ActiveCfg = Release|Any CPU
		{890CE62A-CF5C-4D95-ACC4-D910AA275E00}.Release|Any CPU.Build.0 = Release|Any CPU
		{D7BF97EF-27AE-4ECA-9F5E-E05125B1FAB7}.Debug|Any CPU.ActiveCfg = Debug|Any CPU
		{D7BF97EF-27AE-4ECA-9F5E-E05125B1FAB7}.Debug|Any CPU.Build.0 = Debug|Any CPU
		{D7BF97EF-27AE-4ECA-9F5E-E05125B1FAB7}.Release|Any CPU.ActiveCfg = Release|Any CPU
		{D7BF97EF-27AE-4ECA-9F5E-E05125B1FAB7}.Release|Any CPU.Build.0 = Release|Any CPU
		{01E9CB21-AE8C-44E3-B69B-420597C654DC}.Debug|Any CPU.ActiveCfg = Debug|Any CPU
		{01E9CB21-AE8C-44E3-B69B-420597C654DC}.Debug|Any CPU.Build.0 = Debug|Any CPU
		{01E9CB21-AE8C-44E3-B69B-420597C654DC}.Release|Any CPU.ActiveCfg = Release|Any CPU
		{01E9CB21-AE8C-44E3-B69B-420597C654DC}.Release|Any CPU.Build.0 = Release|Any CPU
	EndGlobalSection
	GlobalSection(SolutionProperties) = preSolution
		HideSolutionNode = FALSE
	EndGlobalSection
	GlobalSection(ExtensibilityGlobals) = postSolution
		SolutionGuid = {895E52A8-B0A0-4A61-90A6-5B99506839D3}
	EndGlobalSection
EndGlobal
