
Microsoft Visual Studio Solution File, Format Version 12.00
# Visual Studio Version 17
VisualStudioVersion = 17.14.36811.4
MinimumVisualStudioVersion = 10.0.40219.1
Project("{9A19103F-16F7-4668-BE54-9A1E7A4F7556}") = "BlueBlazor.Docs", "BlueBlazor.Docs\BlueBlazor.Docs.csproj", "{0D314BF4-DACC-4BF3-BA8B-8754152EBCCA}"
	ProjectSection(ProjectDependencies) = postProject
		{20B86100-70CC-41CD-A194-CC1A1AFA1FA8} = {20B86100-70CC-41CD-A194-CC1A1AFA1FA8}
	EndProjectSection
EndProject
Project("{9A19103F-16F7-4668-BE54-9A1E7A4F7556}") = "DocGen", "DocGen\DocGen.csproj", "{20B86100-70CC-41CD-A194-CC1A1AFA1FA8}"
EndProject
Project("{9A19103F-16F7-4668-BE54-9A1E7A4F7556}") = "BlueBlazor", "BlueBlazor\BlueBlazor.csproj", "{890CE62A-CF5C-4D95-ACC4-D910AA275E00}"
EndProject
Project("{2150E333-8FDC-42A3-9474-1A3956D46DE8}") = "examples", "examples", "{C9BC0A5C-374F-48F1-A719-1FA944D00E62}"
EndProject
Project("{9A19103F-16F7-4668-BE54-9A1E7A4F7556}") = "BlazorServerApp", "examples\BlazorServerApp\BlazorServerApp.csproj", "{D5B74F50-6A1F-4449-BC64-A43D0381BF82}"
EndProject
Project("{9A19103F-16F7-4668-BE54-9A1E7A4F7556}") = "BlazorWebAppAutoPerPage", "examples\BlazorWebAppAutoPerPage\BlazorWebAppAutoPerPage\BlazorWebAppAutoPerPage.csproj", "{1E95BD0D-3160-4560-8742-D3E876F104D5}"
EndProject
Project("{9A19103F-16F7-4668-BE54-9A1E7A4F7556}") = "BlazorWebAppAutoPerPage.Client", "examples\BlazorWebAppAutoPerPage\BlazorWebAppAutoPerPage.Client\BlazorWebAppAutoPerPage.Client.csproj", "{CD3137A2-9133-474A-B30F-62B0C2E6E63E}"
EndProject
Project("{FAE04EC0-301F-11D3-BF4B-00C04F79EFBC}") = "BlueBlazor.Tests", "BlueBlazor.Tests\BlueBlazor.Tests.csproj", "{FEE262AB-0615-4368-8F23-F31FC255E15C}"
EndProject
Project("{2150E333-8FDC-42A3-9474-1A3956D46DE8}") = "assets", "assets", "{02EA681E-C7D8-13C7-8484-4AC65E1B71E8}"
	ProjectSection(SolutionItems) = preProject
		README.md = README.md
	EndProjectSection
EndProject
Project("{54A90642-561A-4BB1-A94E-469ADEE60C69}") = "BlueBlazor.Assets", "BlueBlazor.Assets\BlueBlazor.Assets.esproj", "{04922C87-5DC9-4495-B6EA-3F0C047FA820}"
EndProject
Global
	GlobalSection(SolutionConfigurationPlatforms) = preSolution
		Debug|Any CPU = Debug|Any CPU
		Debug|x64 = Debug|x64
		Debug|x86 = Debug|x86
		Release|Any CPU = Release|Any CPU
		Release|x64 = Release|x64
		Release|x86 = Release|x86
	EndGlobalSection
	GlobalSection(ProjectConfigurationPlatforms) = postSolution
		{0D314BF4-DACC-4BF3-BA8B-8754152EBCCA}.Debug|Any CPU.ActiveCfg = Debug|Any CPU
		{0D314BF4-DACC-4BF3-BA8B-8754152EBCCA}.Debug|Any CPU.Build.0 = Debug|Any CPU
		{0D314BF4-DACC-4BF3-BA8B-8754152EBCCA}.Debug|x64.ActiveCfg = Debug|Any CPU
		{0D314BF4-DACC-4BF3-BA8B-8754152EBCCA}.Debug|x64.Build.0 = Debug|Any CPU
		{0D314BF4-DACC-4BF3-BA8B-8754152EBCCA}.Debug|x86.ActiveCfg = Debug|Any CPU
		{0D314BF4-DACC-4BF3-BA8B-8754152EBCCA}.Debug|x86.Build.0 = Debug|Any CPU
		{0D314BF4-DACC-4BF3-BA8B-8754152EBCCA}.Release|Any CPU.ActiveCfg = Release|Any CPU
		{0D314BF4-DACC-4BF3-BA8B-8754152EBCCA}.Release|Any CPU.Build.0 = Release|Any CPU
		{0D314BF4-DACC-4BF3-BA8B-8754152EBCCA}.Release|x64.ActiveCfg = Release|Any CPU
		{0D314BF4-DACC-4BF3-BA8B-8754152EBCCA}.Release|x64.Build.0 = Release|Any CPU
		{0D314BF4-DACC-4BF3-BA8B-8754152EBCCA}.Release|x86.ActiveCfg = Release|Any CPU
		{0D314BF4-DACC-4BF3-BA8B-8754152EBCCA}.Release|x86.Build.0 = Release|Any CPU
		{20B86100-70CC-41CD-A194-CC1A1AFA1FA8}.Debug|Any CPU.ActiveCfg = Debug|Any CPU
		{20B86100-70CC-41CD-A194-CC1A1AFA1FA8}.Debug|Any CPU.Build.0 = Debug|Any CPU
		{20B86100-70CC-41CD-A194-CC1A1AFA1FA8}.Debug|x64.ActiveCfg = Debug|Any CPU
		{20B86100-70CC-41CD-A194-CC1A1AFA1FA8}.Debug|x64.Build.0 = Debug|Any CPU
		{20B86100-70CC-41CD-A194-CC1A1AFA1FA8}.Debug|x86.ActiveCfg = Debug|Any CPU
		{20B86100-70CC-41CD-A194-CC1A1AFA1FA8}.Debug|x86.Build.0 = Debug|Any CPU
		{20B86100-70CC-41CD-A194-CC1A1AFA1FA8}.Release|Any CPU.ActiveCfg = Release|Any CPU
		{20B86100-70CC-41CD-A194-CC1A1AFA1FA8}.Release|Any CPU.Build.0 = Release|Any CPU
		{20B86100-70CC-41CD-A194-CC1A1AFA1FA8}.Release|x64.ActiveCfg = Release|Any CPU
		{20B86100-70CC-41CD-A194-CC1A1AFA1FA8}.Release|x64.Build.0 = Release|Any CPU
		{20B86100-70CC-41CD-A194-CC1A1AFA1FA8}.Release|x86.ActiveCfg = Release|Any CPU
		{20B86100-70CC-41CD-A194-CC1A1AFA1FA8}.Release|x86.Build.0 = Release|Any CPU
		{890CE62A-CF5C-4D95-ACC4-D910AA275E00}.Debug|Any CPU.ActiveCfg = Debug|Any CPU
		{890CE62A-CF5C-4D95-ACC4-D910AA275E00}.Debug|Any CPU.Build.0 = Debug|Any CPU
		{890CE62A-CF5C-4D95-ACC4-D910AA275E00}.Debug|x64.ActiveCfg = Debug|Any CPU
		{890CE62A-CF5C-4D95-ACC4-D910AA275E00}.Debug|x64.Build.0 = Debug|Any CPU
		{890CE62A-CF5C-4D95-ACC4-D910AA275E00}.Debug|x86.ActiveCfg = Debug|Any CPU
		{890CE62A-CF5C-4D95-ACC4-D910AA275E00}.Debug|x86.Build.0 = Debug|Any CPU
		{890CE62A-CF5C-4D95-ACC4-D910AA275E00}.Release|Any CPU.ActiveCfg = Release|Any CPU
		{890CE62A-CF5C-4D95-ACC4-D910AA275E00}.Release|Any CPU.Build.0 = Release|Any CPU
		{890CE62A-CF5C-4D95-ACC4-D910AA275E00}.Release|x64.ActiveCfg = Release|Any CPU
		{890CE62A-CF5C-4D95-ACC4-D910AA275E00}.Release|x64.Build.0 = Release|Any CPU
		{890CE62A-CF5C-4D95-ACC4-D910AA275E00}.Release|x86.ActiveCfg = Release|Any CPU
		{890CE62A-CF5C-4D95-ACC4-D910AA275E00}.Release|x86.Build.0 = Release|Any CPU
		{D5B74F50-6A1F-4449-BC64-A43D0381BF82}.Debug|Any CPU.ActiveCfg = Debug|Any CPU
		{D5B74F50-6A1F-4449-BC64-A43D0381BF82}.Debug|Any CPU.Build.0 = Debug|Any CPU
		{D5B74F50-6A1F-4449-BC64-A43D0381BF82}.Debug|x64.ActiveCfg = Debug|Any CPU
		{D5B74F50-6A1F-4449-BC64-A43D0381BF82}.Debug|x64.Build.0 = Debug|Any CPU
		{D5B74F50-6A1F-4449-BC64-A43D0381BF82}.Debug|x86.ActiveCfg = Debug|Any CPU
		{D5B74F50-6A1F-4449-BC64-A43D0381BF82}.Debug|x86.Build.0 = Debug|Any CPU
		{D5B74F50-6A1F-4449-BC64-A43D0381BF82}.Release|Any CPU.ActiveCfg = Release|Any CPU
		{D5B74F50-6A1F-4449-BC64-A43D0381BF82}.Release|Any CPU.Build.0 = Release|Any CPU
		{D5B74F50-6A1F-4449-BC64-A43D0381BF82}.Release|x64.ActiveCfg = Release|Any CPU
		{D5B74F50-6A1F-4449-BC64-A43D0381BF82}.Release|x64.Build.0 = Release|Any CPU
		{D5B74F50-6A1F-4449-BC64-A43D0381BF82}.Release|x86.ActiveCfg = Release|Any CPU
		{D5B74F50-6A1F-4449-BC64-A43D0381BF82}.Release|x86.Build.0 = Release|Any CPU
		{1E95BD0D-3160-4560-8742-D3E876F104D5}.Debug|Any CPU.ActiveCfg = Debug|Any CPU
		{1E95BD0D-3160-4560-8742-D3E876F104D5}.Debug|Any CPU.Build.0 = Debug|Any CPU
		{1E95BD0D-3160-4560-8742-D3E876F104D5}.Debug|x64.ActiveCfg = Debug|Any CPU
		{1E95BD0D-3160-4560-8742-D3E876F104D5}.Debug|x64.Build.0 = Debug|Any CPU
		{1E95BD0D-3160-4560-8742-D3E876F104D5}.Debug|x86.ActiveCfg = Debug|Any CPU
		{1E95BD0D-3160-4560-8742-D3E876F104D5}.Debug|x86.Build.0 = Debug|Any CPU
		{1E95BD0D-3160-4560-8742-D3E876F104D5}.Release|Any CPU.ActiveCfg = Release|Any CPU
		{1E95BD0D-3160-4560-8742-D3E876F104D5}.Release|Any CPU.Build.0 = Release|Any CPU
		{1E95BD0D-3160-4560-8742-D3E876F104D5}.Release|x64.ActiveCfg = Release|Any CPU
		{1E95BD0D-3160-4560-8742-D3E876F104D5}.Release|x64.Build.0 = Release|Any CPU
		{1E95BD0D-3160-4560-8742-D3E876F104D5}.Release|x86.ActiveCfg = Release|Any CPU
		{1E95BD0D-3160-4560-8742-D3E876F104D5}.Release|x86.Build.0 = Release|Any CPU
		{CD3137A2-9133-474A-B30F-62B0C2E6E63E}.Debug|Any CPU.ActiveCfg = Debug|Any CPU
		{CD3137A2-9133-474A-B30F-62B0C2E6E63E}.Debug|Any CPU.Build.0 = Debug|Any CPU
		{CD3137A2-9133-474A-B30F-62B0C2E6E63E}.Debug|x64.ActiveCfg = Debug|Any CPU
		{CD3137A2-9133-474A-B30F-62B0C2E6E63E}.Debug|x64.Build.0 = Debug|Any CPU
		{CD3137A2-9133-474A-B30F-62B0C2E6E63E}.Debug|x86.ActiveCfg = Debug|Any CPU
		{CD3137A2-9133-474A-B30F-62B0C2E6E63E}.Debug|x86.Build.0 = Debug|Any CPU
		{CD3137A2-9133-474A-B30F-62B0C2E6E63E}.Release|Any CPU.ActiveCfg = Release|Any CPU
		{CD3137A2-9133-474A-B30F-62B0C2E6E63E}.Release|Any CPU.Build.0 = Release|Any CPU
		{CD3137A2-9133-474A-B30F-62B0C2E6E63E}.Release|x64.ActiveCfg = Release|Any CPU
		{CD3137A2-9133-474A-B30F-62B0C2E6E63E}.Release|x64.Build.0 = Release|Any CPU
		{CD3137A2-9133-474A-B30F-62B0C2E6E63E}.Release|x86.ActiveCfg = Release|Any CPU
		{CD3137A2-9133-474A-B30F-62B0C2E6E63E}.Release|x86.Build.0 = Release|Any CPU
		{FEE262AB-0615-4368-8F23-F31FC255E15C}.Debug|Any CPU.ActiveCfg = Debug|Any CPU
		{FEE262AB-0615-4368-8F23-F31FC255E15C}.Debug|Any CPU.Build.0 = Debug|Any CPU
		{FEE262AB-0615-4368-8F23-F31FC255E15C}.Debug|x64.ActiveCfg = Debug|Any CPU
		{FEE262AB-0615-4368-8F23-F31FC255E15C}.Debug|x64.Build.0 = Debug|Any CPU
		{FEE262AB-0615-4368-8F23-F31FC255E15C}.Debug|x86.ActiveCfg = Debug|Any CPU
		{FEE262AB-0615-4368-8F23-F31FC255E15C}.Debug|x86.Build.0 = Debug|Any CPU
		{FEE262AB-0615-4368-8F23-F31FC255E15C}.Release|Any CPU.ActiveCfg = Release|Any CPU
		{FEE262AB-0615-4368-8F23-F31FC255E15C}.Release|Any CPU.Build.0 = Release|Any CPU
		{FEE262AB-0615-4368-8F23-F31FC255E15C}.Release|x64.ActiveCfg = Release|Any CPU
		{FEE262AB-0615-4368-8F23-F31FC255E15C}.Release|x64.Build.0 = Release|Any CPU
		{FEE262AB-0615-4368-8F23-F31FC255E15C}.Release|x86.ActiveCfg = Release|Any CPU
		{FEE262AB-0615-4368-8F23-F31FC255E15C}.Release|x86.Build.0 = Release|Any CPU
		{04922C87-5DC9-4495-B6EA-3F0C047FA820}.Debug|Any CPU.ActiveCfg = Debug|Any CPU
		{04922C87-5DC9-4495-B6EA-3F0C047FA820}.Debug|x64.ActiveCfg = Debug|Any CPU
		{04922C87-5DC9-4495-B6EA-3F0C047FA820}.Debug|x86.ActiveCfg = Debug|Any CPU
		{04922C87-5DC9-4495-B6EA-3F0C047FA820}.Release|Any CPU.ActiveCfg = Release|Any CPU
		{04922C87-5DC9-4495-B6EA-3F0C047FA820}.Release|x64.ActiveCfg = Release|Any CPU
		{04922C87-5DC9-4495-B6EA-3F0C047FA820}.Release|x86.ActiveCfg = Release|Any CPU
	EndGlobalSection
	GlobalSection(SolutionProperties) = preSolution
		HideSolutionNode = FALSE
	EndGlobalSection
	GlobalSection(NestedProjects) = preSolution
		{D5B74F50-6A1F-4449-BC64-A43D0381BF82} = {C9BC0A5C-374F-48F1-A719-1FA944D00E62}
		{1E95BD0D-3160-4560-8742-D3E876F104D5} = {C9BC0A5C-374F-48F1-A719-1FA944D00E62}
		{CD3137A2-9133-474A-B30F-62B0C2E6E63E} = {C9BC0A5C-374F-48F1-A719-1FA944D00E62}
	EndGlobalSection
	GlobalSection(ExtensibilityGlobals) = postSolution
		SolutionGuid = {895E52A8-B0A0-4A61-90A6-5B99506839D3}
	EndGlobalSection
EndGlobal
